
Microsoft Visual Studio Solution File, Format Version 12.00
# Visual Studio Version 16
VisualStudioVersion = 16.0.30002.166
MinimumVisualStudioVersion = 10.0.40219.1
Project("{FAE04EC0-301F-11D3-BF4B-00C04F79EFBC}") = "Pricimage", "Pricimage\Pricimage.csproj", "{CB5F7D3C-1F1C-4504-8AD6-2659E951D496}"
EndProject
Global
	GlobalSection(SolutionConfigurationPlatforms) = preSolution
		Debug|Any CPU = Debug|Any CPU
		Release|Any CPU = Release|Any CPU
	EndGlobalSection
	GlobalSection(ProjectConfigurationPlatforms) = postSolution
		{CB5F7D3C-1F1C-4504-8AD6-2659E951D496}.Debug|Any CPU.ActiveCfg = Debug|Any CPU
		{CB5F7D3C-1F1C-4504-8AD6-2659E951D496}.Debug|Any CPU.Build.0 = Debug|Any CPU
		{CB5F7D3C-1F1C-4504-8AD6-2659E951D496}.Release|Any CPU.ActiveCfg = Release|Any CPU
		{CB5F7D3C-1F1C-4504-8AD6-2659E951D496}.Release|Any CPU.Build.0 = Release|Any CPU
	EndGlobalSection
	GlobalSection(SolutionProperties) = preSolution
		HideSolutionNode = FALSE
	EndGlobalSection
	GlobalSection(ExtensibilityGlobals) = postSolution
		SolutionGuid = {C8DBF71C-2CE8-48AB-8C0E-5258907DFF90}
	EndGlobalSection
EndGlobal
